// !$*UTF8*$!
{
	archiveVersion = 1;
	classes = {
	};
	objectVersion = 50;
	objects = {

/* Begin PBXBuildFile section */
		D46C8F562643E49200E75EB8 /* AppDelegate.swift in Sources */ = {isa = PBXBuildFile; fileRef = D46C8F552643E49200E75EB8 /* AppDelegate.swift */; };
		D46C8F582643E49200E75EB8 /* SceneDelegate.swift in Sources */ = {isa = PBXBuildFile; fileRef = D46C8F572643E49200E75EB8 /* SceneDelegate.swift */; };
		D46C8F5A2643E49200E75EB8 /* LoginViewController.swift in Sources */ = {isa = PBXBuildFile; fileRef = D46C8F592643E49200E75EB8 /* LoginViewController.swift */; };
		D46C8F5D2643E49200E75EB8 /* Main.storyboard in Resources */ = {isa = PBXBuildFile; fileRef = D46C8F5B2643E49200E75EB8 /* Main.storyboard */; };
		D46C8F5F2643E49800E75EB8 /* Assets.xcassets in Resources */ = {isa = PBXBuildFile; fileRef = D46C8F5E2643E49800E75EB8 /* Assets.xcassets */; };
		D46C8F622643E49800E75EB8 /* LaunchScreen.storyboard in Resources */ = {isa = PBXBuildFile; fileRef = D46C8F602643E49800E75EB8 /* LaunchScreen.storyboard */; };
		D46C8F6A2644DDAA00E75EB8 /* DrinkOrderViewController.swift in Sources */ = {isa = PBXBuildFile; fileRef = D46C8F692644DDA900E75EB8 /* DrinkOrderViewController.swift */; };
		D46C8F6C2644EAFE00E75EB8 /* dataBase.swift in Sources */ = {isa = PBXBuildFile; fileRef = D46C8F6B2644EAFE00E75EB8 /* dataBase.swift */; };
		D46C8F6E2644EDC800E75EB8 /* GoodTeaTableViewCell.swift in Sources */ = {isa = PBXBuildFile; fileRef = D46C8F6D2644EDC800E75EB8 /* GoodTeaTableViewCell.swift */; };
		D46C8F712645178400E75EB8 /* letteTableViewCell.swift in Sources */ = {isa = PBXBuildFile; fileRef = D46C8F702645178400E75EB8 /* letteTableViewCell.swift */; };
		D46C8F732645179400E75EB8 /* milkTeaTableViewCell.swift in Sources */ = {isa = PBXBuildFile; fileRef = D46C8F722645179400E75EB8 /* milkTeaTableViewCell.swift */; };
		D46C8F75264517C000E75EB8 /* freshTeaTableViewCell.swift in Sources */ = {isa = PBXBuildFile; fileRef = D46C8F74264517C000E75EB8 /* freshTeaTableViewCell.swift */; };
		D46C8F7B2646E2C200E75EB8 /* OrderDrinkDetailTableViewController.swift in Sources */ = {isa = PBXBuildFile; fileRef = D46C8F7A2646E2C200E75EB8 /* OrderDrinkDetailTableViewController.swift */; };
		D46C8F7D264BAD5700E75EB8 /* NewViewController.swift in Sources */ = {isa = PBXBuildFile; fileRef = D46C8F7C264BAD5600E75EB8 /* NewViewController.swift */; };
		D490452426557756006AB58D /* CartViewController.swift in Sources */ = {isa = PBXBuildFile; fileRef = D490452326557756006AB58D /* CartViewController.swift */; };
		D4904526265577B5006AB58D /* CartTableViewCell.swift in Sources */ = {isa = PBXBuildFile; fileRef = D4904525265577B5006AB58D /* CartTableViewCell.swift */; };
		D4F88937264D5ACC002FFA62 /* GameController.framework in Frameworks */ = {isa = PBXBuildFile; fileRef = D4F88936264D5ACC002FFA62 /* GameController.framework */; };
/* End PBXBuildFile section */

/* Begin PBXFileReference section */
		D46C8F522643E49200E75EB8 /* DrinkOrderSystem.app */ = {isa = PBXFileReference; explicitFileType = wrapper.application; includeInIndex = 0; path = DrinkOrderSystem.app; sourceTree = BUILT_PRODUCTS_DIR; };
		D46C8F552643E49200E75EB8 /* AppDelegate.swift */ = {isa = PBXFileReference; lastKnownFileType = sourcecode.swift; path = AppDelegate.swift; sourceTree = "<group>"; };
		D46C8F572643E49200E75EB8 /* SceneDelegate.swift */ = {isa = PBXFileReference; lastKnownFileType = sourcecode.swift; path = SceneDelegate.swift; sourceTree = "<group>"; };
		D46C8F592643E49200E75EB8 /* LoginViewController.swift */ = {isa = PBXFileReference; lastKnownFileType = sourcecode.swift; path = LoginViewController.swift; sourceTree = "<group>"; };
		D46C8F5C2643E49200E75EB8 /* Base */ = {isa = PBXFileReference; lastKnownFileType = file.storyboard; name = Base; path = Base.lproj/Main.storyboard; sourceTree = "<group>"; };
		D46C8F5E2643E49800E75EB8 /* Assets.xcassets */ = {isa = PBXFileReference; lastKnownFileType = folder.assetcatalog; path = Assets.xcassets; sourceTree = "<group>"; };
		D46C8F612643E49800E75EB8 /* Base */ = {isa = PBXFileReference; lastKnownFileType = file.storyboard; name = Base; path = Base.lproj/LaunchScreen.storyboard; sourceTree = "<group>"; };
		D46C8F632643E49800E75EB8 /* Info.plist */ = {isa = PBXFileReference; lastKnownFileType = text.plist.xml; path = Info.plist; sourceTree = "<group>"; };
		D46C8F692644DDA900E75EB8 /* DrinkOrderViewController.swift */ = {isa = PBXFileReference; lastKnownFileType = sourcecode.swift; path = DrinkOrderViewController.swift; sourceTree = "<group>"; };
		D46C8F6B2644EAFE00E75EB8 /* dataBase.swift */ = {isa = PBXFileReference; lastKnownFileType = sourcecode.swift; path = dataBase.swift; sourceTree = "<group>"; };
		D46C8F6D2644EDC800E75EB8 /* GoodTeaTableViewCell.swift */ = {isa = PBXFileReference; lastKnownFileType = sourcecode.swift; path = GoodTeaTableViewCell.swift; sourceTree = "<group>"; };
		D46C8F702645178400E75EB8 /* letteTableViewCell.swift */ = {isa = PBXFileReference; lastKnownFileType = sourcecode.swift; path = letteTableViewCell.swift; sourceTree = "<group>"; };
		D46C8F722645179400E75EB8 /* milkTeaTableViewCell.swift */ = {isa = PBXFileReference; lastKnownFileType = sourcecode.swift; path = milkTeaTableViewCell.swift; sourceTree = "<group>"; };
		D46C8F74264517C000E75EB8 /* freshTeaTableViewCell.swift */ = {isa = PBXFileReference; lastKnownFileType = sourcecode.swift; path = freshTeaTableViewCell.swift; sourceTree = "<group>"; };
		D46C8F7A2646E2C200E75EB8 /* OrderDrinkDetailTableViewController.swift */ = {isa = PBXFileReference; lastKnownFileType = sourcecode.swift; path = OrderDrinkDetailTableViewController.swift; sourceTree = "<group>"; };
		D46C8F7C264BAD5600E75EB8 /* NewViewController.swift */ = {isa = PBXFileReference; lastKnownFileType = sourcecode.swift; path = NewViewController.swift; sourceTree = "<group>"; };
		D490452326557756006AB58D /* CartViewController.swift */ = {isa = PBXFileReference; lastKnownFileType = sourcecode.swift; path = CartViewController.swift; sourceTree = "<group>"; };
		D4904525265577B5006AB58D /* CartTableViewCell.swift */ = {isa = PBXFileReference; lastKnownFileType = sourcecode.swift; path = CartTableViewCell.swift; sourceTree = "<group>"; };
		D4F88936264D5ACC002FFA62 /* GameController.framework */ = {isa = PBXFileReference; lastKnownFileType = wrapper.framework; name = GameController.framework; path = System/Library/Frameworks/GameController.framework; sourceTree = SDKROOT; };
/* End PBXFileReference section */

/* Begin PBXFrameworksBuildPhase section */
		D46C8F4F2643E49200E75EB8 /* Frameworks */ = {
			isa = PBXFrameworksBuildPhase;
			buildActionMask = 2147483647;
			files = (
				D4F88937264D5ACC002FFA62 /* GameController.framework in Frameworks */,
			);
			runOnlyForDeploymentPostprocessing = 0;
		};
/* End PBXFrameworksBuildPhase section */

/* Begin PBXGroup section */
		D46C8F492643E49100E75EB8 = {
			isa = PBXGroup;
			children = (
				D46C8F542643E49200E75EB8 /* DrinkOrderSystem */,
				D46C8F532643E49200E75EB8 /* Products */,
				D4F88935264D5ACC002FFA62 /* Frameworks */,
			);
			sourceTree = "<group>";
		};
		D46C8F532643E49200E75EB8 /* Products */ = {
			isa = PBXGroup;
			children = (
				D46C8F522643E49200E75EB8 /* DrinkOrderSystem.app */,
			);
			name = Products;
			sourceTree = "<group>";
		};
		D46C8F542643E49200E75EB8 /* DrinkOrderSystem */ = {
			isa = PBXGroup;
			children = (
				D46C8F552643E49200E75EB8 /* AppDelegate.swift */,
				D46C8F572643E49200E75EB8 /* SceneDelegate.swift */,
				D46C8F7C264BAD5600E75EB8 /* NewViewController.swift */,
				D46C8F6F2644EDD000E75EB8 /* ViewController */,
				D490452726566732006AB58D /* ViewCell */,
				D49045282656677B006AB58D /* model */,
				D46C8F5B2643E49200E75EB8 /* Main.storyboard */,
				D46C8F5E2643E49800E75EB8 /* Assets.xcassets */,
				D46C8F602643E49800E75EB8 /* LaunchScreen.storyboard */,
				D46C8F632643E49800E75EB8 /* Info.plist */,
			);
			path = DrinkOrderSystem;
			sourceTree = "<group>";
		};
		D46C8F6F2644EDD000E75EB8 /* ViewController */ = {
			isa = PBXGroup;
			children = (
				D46C8F592643E49200E75EB8 /* LoginViewController.swift */,
				D46C8F692644DDA900E75EB8 /* DrinkOrderViewController.swift */,
				D46C8F7A2646E2C200E75EB8 /* OrderDrinkDetailTableViewController.swift */,
				D490452326557756006AB58D /* CartViewController.swift */,
			);
			name = ViewController;
			sourceTree = "<group>";
		};
		D490452726566732006AB58D /* ViewCell */ = {
			isa = PBXGroup;
			children = (
				D46C8F6D2644EDC800E75EB8 /* GoodTeaTableViewCell.swift */,
				D46C8F702645178400E75EB8 /* letteTableViewCell.swift */,
				D46C8F722645179400E75EB8 /* milkTeaTableViewCell.swift */,
				D46C8F74264517C000E75EB8 /* freshTeaTableViewCell.swift */,
				D4904525265577B5006AB58D /* CartTableViewCell.swift */,
			);
			name = ViewCell;
			sourceTree = "<group>";
		};
		D49045282656677B006AB58D /* model */ = {
			isa = PBXGroup;
			children = (
				D46C8F6B2644EAFE00E75EB8 /* dataBase.swift */,
			);
			path = model;
			sourceTree = "<group>";
		};
		D4F88935264D5ACC002FFA62 /* Frameworks */ = {
			isa = PBXGroup;
			children = (
				D4F88936264D5ACC002FFA62 /* GameController.framework */,
			);
			name = Frameworks;
			sourceTree = "<group>";
		};
/* End PBXGroup section */

/* Begin PBXNativeTarget section */
		D46C8F512643E49200E75EB8 /* DrinkOrderSystem */ = {
			isa = PBXNativeTarget;
			buildConfigurationList = D46C8F662643E49800E75EB8 /* Build configuration list for PBXNativeTarget "DrinkOrderSystem" */;
			buildPhases = (
				D46C8F4E2643E49200E75EB8 /* Sources */,
				D46C8F4F2643E49200E75EB8 /* Frameworks */,
				D46C8F502643E49200E75EB8 /* Resources */,
			);
			buildRules = (
			);
			dependencies = (
			);
			name = DrinkOrderSystem;
			productName = DrinkOrderSystem;
			productReference = D46C8F522643E49200E75EB8 /* DrinkOrderSystem.app */;
			productType = "com.apple.product-type.application";
		};
/* End PBXNativeTarget section */

/* Begin PBXProject section */
		D46C8F4A2643E49100E75EB8 /* Project object */ = {
			isa = PBXProject;
			attributes = {
				LastSwiftUpdateCheck = 1250;
				LastUpgradeCheck = 1250;
				TargetAttributes = {
					D46C8F512643E49200E75EB8 = {
						CreatedOnToolsVersion = 12.5;
					};
				};
			};
			buildConfigurationList = D46C8F4D2643E49100E75EB8 /* Build configuration list for PBXProject "DrinkOrderSystem" */;
			compatibilityVersion = "Xcode 9.3";
			developmentRegion = en;
			hasScannedForEncodings = 0;
			knownRegions = (
				en,
				Base,
			);
			mainGroup = D46C8F492643E49100E75EB8;
			productRefGroup = D46C8F532643E49200E75EB8 /* Products */;
			projectDirPath = "";
			projectRoot = "";
			targets = (
				D46C8F512643E49200E75EB8 /* DrinkOrderSystem */,
			);
		};
/* End PBXProject section */

/* Begin PBXResourcesBuildPhase section */
		D46C8F502643E49200E75EB8 /* Resources */ = {
			isa = PBXResourcesBuildPhase;
			buildActionMask = 2147483647;
			files = (
				D46C8F622643E49800E75EB8 /* LaunchScreen.storyboard in Resources */,
				D46C8F5F2643E49800E75EB8 /* Assets.xcassets in Resources */,
				D46C8F5D2643E49200E75EB8 /* Main.storyboard in Resources */,
			);
			runOnlyForDeploymentPostprocessing = 0;
		};
/* End PBXResourcesBuildPhase section */

/* Begin PBXSourcesBuildPhase section */
		D46C8F4E2643E49200E75EB8 /* Sources */ = {
			isa = PBXSourcesBuildPhase;
			buildActionMask = 2147483647;
			files = (
				D46C8F712645178400E75EB8 /* letteTableViewCell.swift in Sources */,
				D46C8F6C2644EAFE00E75EB8 /* dataBase.swift in Sources */,
				D46C8F6A2644DDAA00E75EB8 /* DrinkOrderViewController.swift in Sources */,
				D46C8F5A2643E49200E75EB8 /* LoginViewController.swift in Sources */,
				D490452426557756006AB58D /* CartViewController.swift in Sources */,
				D46C8F7B2646E2C200E75EB8 /* OrderDrinkDetailTableViewController.swift in Sources */,
				D46C8F7D264BAD5700E75EB8 /* NewViewController.swift in Sources */,
				D46C8F6E2644EDC800E75EB8 /* GoodTeaTableViewCell.swift in Sources */,
				D46C8F562643E49200E75EB8 /* AppDelegate.swift in Sources */,
				D4904526265577B5006AB58D /* CartTableViewCell.swift in Sources */,
				D46C8F582643E49200E75EB8 /* SceneDelegate.swift in Sources */,
				D46C8F75264517C000E75EB8 /* freshTeaTableViewCell.swift in Sources */,
				D46C8F732645179400E75EB8 /* milkTeaTableViewCell.swift in Sources */,
			);
			runOnlyForDeploymentPostprocessing = 0;
		};
/* End PBXSourcesBuildPhase section */

/* Begin PBXVariantGroup section */
		D46C8F5B2643E49200E75EB8 /* Main.storyboard */ = {
			isa = PBXVariantGroup;
			children = (
				D46C8F5C2643E49200E75EB8 /* Base */,
			);
			name = Main.storyboard;
			sourceTree = "<group>";
		};
		D46C8F602643E49800E75EB8 /* LaunchScreen.storyboard */ = {
			isa = PBXVariantGroup;
			children = (
				D46C8F612643E49800E75EB8 /* Base */,
			);
			name = LaunchScreen.storyboard;
			sourceTree = "<group>";
		};
/* End PBXVariantGroup section */

/* Begin XCBuildConfiguration section */
		D46C8F642643E49800E75EB8 /* Debug */ = {
			isa = XCBuildConfiguration;
			buildSettings = {
				ALWAYS_SEARCH_USER_PATHS = NO;
				CLANG_ANALYZER_NONNULL = YES;
				CLANG_ANALYZER_NUMBER_OBJECT_CONVERSION = YES_AGGRESSIVE;
				CLANG_CXX_LANGUAGE_STANDARD = "gnu++14";
				CLANG_CXX_LIBRARY = "libc++";
				CLANG_ENABLE_MODULES = YES;
				CLANG_ENABLE_OBJC_ARC = YES;
				CLANG_ENABLE_OBJC_WEAK = YES;
				CLANG_WARN_BLOCK_CAPTURE_AUTORELEASING = YES;
				CLANG_WARN_BOOL_CONVERSION = YES;
				CLANG_WARN_COMMA = YES;
				CLANG_WARN_CONSTANT_CONVERSION = YES;
				CLANG_WARN_DEPRECATED_OBJC_IMPLEMENTATIONS = YES;
				CLANG_WARN_DIRECT_OBJC_ISA_USAGE = YES_ERROR;
				CLANG_WARN_DOCUMENTATION_COMMENTS = YES;
				CLANG_WARN_EMPTY_BODY = YES;
				CLANG_WARN_ENUM_CONVERSION = YES;
				CLANG_WARN_INFINITE_RECURSION = YES;
				CLANG_WARN_INT_CONVERSION = YES;
				CLANG_WARN_NON_LITERAL_NULL_CONVERSION = YES;
				CLANG_WARN_OBJC_IMPLICIT_RETAIN_SELF = YES;
				CLANG_WARN_OBJC_LITERAL_CONVERSION = YES;
				CLANG_WARN_OBJC_ROOT_CLASS = YES_ERROR;
				CLANG_WARN_QUOTED_INCLUDE_IN_FRAMEWORK_HEADER = YES;
				CLANG_WARN_RANGE_LOOP_ANALYSIS = YES;
				CLANG_WARN_STRICT_PROTOTYPES = YES;
				CLANG_WARN_SUSPICIOUS_MOVE = YES;
				CLANG_WARN_UNGUARDED_AVAILABILITY = YES_AGGRESSIVE;
				CLANG_WARN_UNREACHABLE_CODE = YES;
				CLANG_WARN__DUPLICATE_METHOD_MATCH = YES;
				COPY_PHASE_STRIP = NO;
				DEBUG_INFORMATION_FORMAT = dwarf;
				ENABLE_STRICT_OBJC_MSGSEND = YES;
				ENABLE_TESTABILITY = YES;
				GCC_C_LANGUAGE_STANDARD = gnu11;
				GCC_DYNAMIC_NO_PIC = NO;
				GCC_NO_COMMON_BLOCKS = YES;
				GCC_OPTIMIZATION_LEVEL = 0;
				GCC_PREPROCESSOR_DEFINITIONS = (
					"DEBUG=1",
					"$(inherited)",
				);
				GCC_WARN_64_TO_32_BIT_CONVERSION = YES;
				GCC_WARN_ABOUT_RETURN_TYPE = YES_ERROR;
				GCC_WARN_UNDECLARED_SELECTOR = YES;
				GCC_WARN_UNINITIALIZED_AUTOS = YES_AGGRESSIVE;
				GCC_WARN_UNUSED_FUNCTION = YES;
				GCC_WARN_UNUSED_VARIABLE = YES;
				IPHONEOS_DEPLOYMENT_TARGET = 14.5;
				MTL_ENABLE_DEBUG_INFO = INCLUDE_SOURCE;
				MTL_FAST_MATH = YES;
				ONLY_ACTIVE_ARCH = YES;
				SDKROOT = iphoneos;
				SWIFT_ACTIVE_COMPILATION_CONDITIONS = DEBUG;
				SWIFT_OPTIMIZATION_LEVEL = "-Onone";
			};
			name = Debug;
		};
		D46C8F652643E49800E75EB8 /* Release */ = {
			isa = XCBuildConfiguration;
			buildSettings = {
				ALWAYS_SEARCH_USER_PATHS = NO;
				CLANG_ANALYZER_NONNULL = YES;
				CLANG_ANALYZER_NUMBER_OBJECT_CONVERSION = YES_AGGRESSIVE;
				CLANG_CXX_LANGUAGE_STANDARD = "gnu++14";
				CLANG_CXX_LIBRARY = "libc++";
				CLANG_ENABLE_MODULES = YES;
				CLANG_ENABLE_OBJC_ARC = YES;
				CLANG_ENABLE_OBJC_WEAK = YES;
				CLANG_WARN_BLOCK_CAPTURE_AUTORELEASING = YES;
				CLANG_WARN_BOOL_CONVERSION = YES;
				CLANG_WARN_COMMA = YES;
				CLANG_WARN_CONSTANT_CONVERSION = YES;
				CLANG_WARN_DEPRECATED_OBJC_IMPLEMENTATIONS = YES;
				CLANG_WARN_DIRECT_OBJC_ISA_USAGE = YES_ERROR;
				CLANG_WARN_DOCUMENTATION_COMMENTS = YES;
				CLANG_WARN_EMPTY_BODY = YES;
				CLANG_WARN_ENUM_CONVERSION = YES;
				CLANG_WARN_INFINITE_RECURSION = YES;
				CLANG_WARN_INT_CONVERSION = YES;
				CLANG_WARN_NON_LITERAL_NULL_CONVERSION = YES;
				CLANG_WARN_OBJC_IMPLICIT_RETAIN_SELF = YES;
				CLANG_WARN_OBJC_LITERAL_CONVERSION = YES;
				CLANG_WARN_OBJC_ROOT_CLASS = YES_ERROR;
				CLANG_WARN_QUOTED_INCLUDE_IN_FRAMEWORK_HEADER = YES;
				CLANG_WARN_RANGE_LOOP_ANALYSIS = YES;
				CLANG_WARN_STRICT_PROTOTYPES = YES;
				CLANG_WARN_SUSPICIOUS_MOVE = YES;
				CLANG_WARN_UNGUARDED_AVAILABILITY = YES_AGGRESSIVE;
				CLANG_WARN_UNREACHABLE_CODE = YES;
				CLANG_WARN__DUPLICATE_METHOD_MATCH = YES;
				COPY_PHASE_STRIP = NO;
				DEBUG_INFORMATION_FORMAT = "dwarf-with-dsym";
				ENABLE_NS_ASSERTIONS = NO;
				ENABLE_STRICT_OBJC_MSGSEND = YES;
				GCC_C_LANGUAGE_STANDARD = gnu11;
				GCC_NO_COMMON_BLOCKS = YES;
				GCC_WARN_64_TO_32_BIT_CONVERSION = YES;
				GCC_WARN_ABOUT_RETURN_TYPE = YES_ERROR;
				GCC_WARN_UNDECLARED_SELECTOR = YES;
				GCC_WARN_UNINITIALIZED_AUTOS = YES_AGGRESSIVE;
				GCC_WARN_UNUSED_FUNCTION = YES;
				GCC_WARN_UNUSED_VARIABLE = YES;
				IPHONEOS_DEPLOYMENT_TARGET = 14.5;
				MTL_ENABLE_DEBUG_INFO = NO;
				MTL_FAST_MATH = YES;
				SDKROOT = iphoneos;
				SWIFT_COMPILATION_MODE = wholemodule;
				SWIFT_OPTIMIZATION_LEVEL = "-O";
				VALIDATE_PRODUCT = YES;
			};
			name = Release;
		};
		D46C8F672643E49800E75EB8 /* Debug */ = {
			isa = XCBuildConfiguration;
			buildSettings = {
				ASSETCATALOG_COMPILER_APPICON_NAME = AppIcon;
				ASSETCATALOG_COMPILER_GLOBAL_ACCENT_COLOR_NAME = AccentColor;
				CODE_SIGN_STYLE = Automatic;
				DEVELOPMENT_TEAM = L4F43KC7RQ;
				INFOPLIST_FILE = DrinkOrderSystem/Info.plist;
				LD_RUNPATH_SEARCH_PATHS = (
					"$(inherited)",
					"@executable_path/Frameworks",
				);
				PRODUCT_BUNDLE_IDENTIFIER = "ryan-chang.DrinkOrderSystem";
				PRODUCT_NAME = "$(TARGET_NAME)";
				SWIFT_VERSION = 5.0;
				TARGETED_DEVICE_FAMILY = "1,2";
			};
			name = Debug;
		};
		D46C8F682643E49800E75EB8 /* Release */ = {
			isa = XCBuildConfiguration;
			buildSettings = {
				ASSETCATALOG_COMPILER_APPICON_NAME = AppIcon;
				ASSETCATALOG_COMPILER_GLOBAL_ACCENT_COLOR_NAME = AccentColor;
				CODE_SIGN_STYLE = Automatic;
				DEVELOPMENT_TEAM = L4F43KC7RQ;
				INFOPLIST_FILE = DrinkOrderSystem/Info.plist;
				LD_RUNPATH_SEARCH_PATHS = (
					"$(inherited)",
					"@executable_path/Frameworks",
				);
				PRODUCT_BUNDLE_IDENTIFIER = "ryan-chang.DrinkOrderSystem";
				PRODUCT_NAME = "$(TARGET_NAME)";
				SWIFT_VERSION = 5.0;
				TARGETED_DEVICE_FAMILY = "1,2";
			};
			name = Release;
		};
/* End XCBuildConfiguration section */

/* Begin XCConfigurationList section */
		D46C8F4D2643E49100E75EB8 /* Build configuration list for PBXProject "DrinkOrderSystem" */ = {
			isa = XCConfigurationList;
			buildConfigurations = (
				D46C8F642643E49800E75EB8 /* Debug */,
				D46C8F652643E49800E75EB8 /* Release */,
			);
			defaultConfigurationIsVisible = 0;
			defaultConfigurationName = Release;
		};
		D46C8F662643E49800E75EB8 /* Build configuration list for PBXNativeTarget "DrinkOrderSystem" */ = {
			isa = XCConfigurationList;
			buildConfigurations = (
				D46C8F672643E49800E75EB8 /* Debug */,
				D46C8F682643E49800E75EB8 /* Release */,
			);
			defaultConfigurationIsVisible = 0;
			defaultConfigurationName = Release;
		};
/* End XCConfigurationList section */
	};
	rootObject = D46C8F4A2643E49100E75EB8 /* Project object */;
}
